
Microsoft Visual Studio Solution File, Format Version 12.00
Project("{FAE04EC0-301F-11D3-BF4B-00C04F79EFBC}") = "GrpcDemo", "GrpcDemo\GrpcDemo.csproj", "{7123EFB9-6B59-49AB-9F0A-BEBE03320EDA}"
EndProject
Global
	GlobalSection(SolutionConfigurationPlatforms) = preSolution
		Debug|Any CPU = Debug|Any CPU
		Release|Any CPU = Release|Any CPU
	EndGlobalSection
	GlobalSection(ProjectConfigurationPlatforms) = postSolution
		{7123EFB9-6B59-49AB-9F0A-BEBE03320EDA}.Debug|Any CPU.ActiveCfg = Debug|Any CPU
		{7123EFB9-6B59-49AB-9F0A-BEBE03320EDA}.Debug|Any CPU.Build.0 = Debug|Any CPU
		{7123EFB9-6B59-49AB-9F0A-BEBE03320EDA}.Release|Any CPU.ActiveCfg = Release|Any CPU
		{7123EFB9-6B59-49AB-9F0A-BEBE03320EDA}.Release|Any CPU.Build.0 = Release|Any CPU
	EndGlobalSection
EndGlobal
